
Microsoft Visual Studio Solution File, Format Version 12.00
# Visual Studio 15
VisualStudioVersion = 15.0.28010.2048
MinimumVisualStudioVersion = 10.0.40219.1
Project("{FAE04EC0-301F-11D3-BF4B-00C04F79EFBC}") = "PocketKillsPlugin", "PocketKillsPlugin\PocketKillsPlugin.csproj", "{F248C07D-063B-4677-932A-9DAECB6078E2}"
EndProject
Global
	GlobalSection(SolutionConfigurationPlatforms) = preSolution
		Debug|Any CPU = Debug|Any CPU
		Release|Any CPU = Release|Any CPU
	EndGlobalSection
	GlobalSection(ProjectConfigurationPlatforms) = postSolution
		{F248C07D-063B-4677-932A-9DAECB6078E2}.Debug|Any CPU.ActiveCfg = Debug|Any CPU
		{F248C07D-063B-4677-932A-9DAECB6078E2}.Debug|Any CPU.Build.0 = Debug|Any CPU
		{F248C07D-063B-4677-932A-9DAECB6078E2}.Release|Any CPU.ActiveCfg = Release|Any CPU
		{F248C07D-063B-4677-932A-9DAECB6078E2}.Release|Any CPU.Build.0 = Release|Any CPU
	EndGlobalSection
	GlobalSection(SolutionProperties) = preSolution
		HideSolutionNode = FALSE
	EndGlobalSection
	GlobalSection(ExtensibilityGlobals) = postSolution
		SolutionGuid = {44EFD375-21AC-4555-8422-8AD42275FD80}
	EndGlobalSection
EndGlobal
